
Microsoft Visual Studio Solution File, Format Version 12.00
# Visual Studio Version 16
VisualStudioVersion = 16.0.31410.357
MinimumVisualStudioVersion = 10.0.40219.1
Project("{FAE04EC0-301F-11D3-BF4B-00C04F79EFBC}") = "Bmicalculator", "Bmicalculator.csproj", "{B9210D14-D377-477F-999E-19F1A3A6BCEA}"
EndProject
Global
	GlobalSection(SolutionConfigurationPlatforms) = preSolution
		Debug|Any CPU = Debug|Any CPU
		Release|Any CPU = Release|Any CPU
	EndGlobalSection
	GlobalSection(ProjectConfigurationPlatforms) = postSolution
		{B9210D14-D377-477F-999E-19F1A3A6BCEA}.Debug|Any CPU.ActiveCfg = Debug|Any CPU
		{B9210D14-D377-477F-999E-19F1A3A6BCEA}.Debug|Any CPU.Build.0 = Debug|Any CPU
		{B9210D14-D377-477F-999E-19F1A3A6BCEA}.Release|Any CPU.ActiveCfg = Release|Any CPU
		{B9210D14-D377-477F-999E-19F1A3A6BCEA}.Release|Any CPU.Build.0 = Release|Any CPU
	EndGlobalSection
	GlobalSection(SolutionProperties) = preSolution
		HideSolutionNode = FALSE
	EndGlobalSection
	GlobalSection(ExtensibilityGlobals) = postSolution
		SolutionGuid = {3CD8F9A3-9559-48C1-93A5-B81FF13EC8BF}
	EndGlobalSection
EndGlobal
